
Microsoft Visual Studio Solution File, Format Version 12.00
# Visual Studio Version 17
VisualStudioVersion = 17.14.36121.58 d17.14
MinimumVisualStudioVersion = 10.0.40219.1
Project("{FAE04EC0-301F-11D3-BF4B-00C04F79EFBC}") = "Ephemeral.Api", "Ephemeral.Api\Ephemeral.Api.csproj", "{8FDB4ACF-2FEE-4C0F-AA99-EDDC65583BF9}"
EndProject
Global
	GlobalSection(SolutionConfigurationPlatforms) = preSolution
		Debug|Any CPU = Debug|Any CPU
		Release|Any CPU = Release|Any CPU
	EndGlobalSection
	GlobalSection(ProjectConfigurationPlatforms) = postSolution
		{8FDB4ACF-2FEE-4C0F-AA99-EDDC65583BF9}.Debug|Any CPU.ActiveCfg = Debug|Any CPU
		{8FDB4ACF-2FEE-4C0F-AA99-EDDC65583BF9}.Debug|Any CPU.Build.0 = Debug|Any CPU
		{8FDB4ACF-2FEE-4C0F-AA99-EDDC65583BF9}.Release|Any CPU.ActiveCfg = Release|Any CPU
		{8FDB4ACF-2FEE-4C0F-AA99-EDDC65583BF9}.Release|Any CPU.Build.0 = Release|Any CPU
	EndGlobalSection
	GlobalSection(SolutionProperties) = preSolution
		HideSolutionNode = FALSE
	EndGlobalSection
	GlobalSection(ExtensibilityGlobals) = postSolution
		SolutionGuid = {0F935F85-0E43-4DDC-AE92-41AF7F785D0D}
	EndGlobalSection
EndGlobal
